PODS:
  - Kiwi (2.4.0)
  - OAStackView (1.0.1)
  - Reveal-iOS-SDK (1.6.2)

DEPENDENCIES:
  - Kiwi
  - OAStackView (from `../`)
  - Reveal-iOS-SDK (~> 1.6.2)

EXTERNAL SOURCES:
  OAStackView:
    :path: ../

SPEC CHECKSUMS:
  Kiwi: f49c9d54b28917df5928fe44968a39ed198cb8a8
  OAStackView: 752a0324a97b7e7defe5dd4fc435a906fe643522
  Reveal-iOS-SDK: e2250b3c155bcfac53ae223ddc1f76d08f206c33

PODFILE CHECKSUM: a62bace25805ef248de941b6009169961f3b912e

COCOAPODS: 1.1.1
