PODS:
  - Kiwi (2.4.0)
  - OAStackView (1.0.1)
  - Reveal-iOS-SDK (1.5.1)

DEPENDENCIES:
  - Kiwi
  - OAStackView (from `../`)
  - Reveal-iOS-SDK (~> 1.5.1)

EXTERNAL SOURCES:
  OAStackView:
    :path: ../

SPEC CHECKSUMS:
  Kiwi: f49c9d54b28917df5928fe44968a39ed198cb8a8
  OAStackView: 752a0324a97b7e7defe5dd4fc435a906fe643522
  Reveal-iOS-SDK: c9c55cad2729c85f6ced415f1b21857c9a2d8ef9

PODFILE CHECKSUM: a1725bd95c225a8638d98b10c035bd97ad49df88

COCOAPODS: 1.1.1
